
Microsoft Visual Studio Solution File, Format Version 12.00
# Visual Studio Version 17
VisualStudioVersion = 17.1.32228.430
MinimumVisualStudioVersion = 10.0.40219.1
Project("{FAE04EC0-301F-11D3-BF4B-00C04F79EFBC}") = "WorkingWithFiles", "WorkingWithFiles.csproj", "{DD2C041A-DC32-4D72-BEC7-D9DD511E1A66}"
EndProject
Global
	GlobalSection(SolutionConfigurationPlatforms) = preSolution
		Debug|Any CPU = Debug|Any CPU
		Release|Any CPU = Release|Any CPU
	EndGlobalSection
	GlobalSection(ProjectConfigurationPlatforms) = postSolution
		{DD2C041A-DC32-4D72-BEC7-D9DD511E1A66}.Debug|Any CPU.ActiveCfg = Debug|Any CPU
		{DD2C041A-DC32-4D72-BEC7-D9DD511E1A66}.Debug|Any CPU.Build.0 = Debug|Any CPU
		{DD2C041A-DC32-4D72-BEC7-D9DD511E1A66}.Release|Any CPU.ActiveCfg = Release|Any CPU
		{DD2C041A-DC32-4D72-BEC7-D9DD511E1A66}.Release|Any CPU.Build.0 = Release|Any CPU
	EndGlobalSection
	GlobalSection(SolutionProperties) = preSolution
		HideSolutionNode = FALSE
	EndGlobalSection
	GlobalSection(ExtensibilityGlobals) = postSolution
		SolutionGuid = {FE2D06D4-D7B5-402E-A78C-5E5F39800A46}
	EndGlobalSection
EndGlobal
